
Microsoft Visual Studio Solution File, Format Version 12.00
# Visual Studio Version 16
VisualStudioVersion = 16.0.31402.337
MinimumVisualStudioVersion = 10.0.40219.1
Project("{FAE04EC0-301F-11D3-BF4B-00C04F79EFBC}") = "ForMum", "ForMum\ForMum.csproj", "{D8FDE89B-C49F-43A1-BDD9-44407B341FBC}"
EndProject
Global
	GlobalSection(SolutionConfigurationPlatforms) = preSolution
		Debug|Any CPU = Debug|Any CPU
		Release|Any CPU = Release|Any CPU
	EndGlobalSection
	GlobalSection(ProjectConfigurationPlatforms) = postSolution
		{D8FDE89B-C49F-43A1-BDD9-44407B341FBC}.Debug|Any CPU.ActiveCfg = Debug|Any CPU
		{D8FDE89B-C49F-43A1-BDD9-44407B341FBC}.Debug|Any CPU.Build.0 = Debug|Any CPU
		{D8FDE89B-C49F-43A1-BDD9-44407B341FBC}.Release|Any CPU.ActiveCfg = Release|Any CPU
		{D8FDE89B-C49F-43A1-BDD9-44407B341FBC}.Release|Any CPU.Build.0 = Release|Any CPU
	EndGlobalSection
	GlobalSection(SolutionProperties) = preSolution
		HideSolutionNode = FALSE
	EndGlobalSection
	GlobalSection(ExtensibilityGlobals) = postSolution
		SolutionGuid = {6C9EAEB6-ADF0-4767-9B0D-D7C6405C04DF}
	EndGlobalSection
EndGlobal
